
Microsoft Visual Studio Solution File, Format Version 12.00
# Visual Studio 15
VisualStudioVersion = 15.0.27428.2015
MinimumVisualStudioVersion = 10.0.40219.1
Project("{888888A0-9F3D-457C-B088-3A5042F75D52}") = "MTA - Python", "MTA - Python.pyproj", "{35F4EEFC-041F-4CEF-9CE1-C5ACD1C1F5CD}"
EndProject
Global
	GlobalSection(SolutionConfigurationPlatforms) = preSolution
		Debug|Any CPU = Debug|Any CPU
		Release|Any CPU = Release|Any CPU
	EndGlobalSection
	GlobalSection(ProjectConfigurationPlatforms) = postSolution
		{35F4EEFC-041F-4CEF-9CE1-C5ACD1C1F5CD}.Debug|Any CPU.ActiveCfg = Debug|Any CPU
		{35F4EEFC-041F-4CEF-9CE1-C5ACD1C1F5CD}.Release|Any CPU.ActiveCfg = Release|Any CPU
	EndGlobalSection
	GlobalSection(SolutionProperties) = preSolution
		HideSolutionNode = FALSE
	EndGlobalSection
	GlobalSection(ExtensibilityGlobals) = postSolution
		SolutionGuid = {0E104898-7F6E-4800-9082-3E5E8ECDDE2C}
	EndGlobalSection
EndGlobal
